schema: '2.0'
stages:
  prepare:
    cmd: python -m src.data.prepare
    deps:
    - path: data/raw
      hash: md5
      md5: 69cf310e153335ce44340fc9097363de.dir
      size: 579761
      nfiles: 1
    - path: src/config.py
      hash: md5
      md5: c2e7807093db78afab9071946607fe8b
      size: 1546
    - path: src/data/prepare.py
      hash: md5
      md5: a71e5a1efcc333c3df0d83e4d854076d
      size: 2122
    params:
      params.yaml:
        data:
          raw_path: data/raw/data.csv
          train_path: data/prepared/train.csv
          test_path: data/prepared/test.csv
          target: churn
          test_size: 0.2
          seed: 42
    outs:
    - path: data/prepared
      hash: md5
      md5: ec12b5c1b9b8446d3ae3aafc6f6d1406.dir
      size: 745033
      nfiles: 4
  train:
    cmd: python -m src.training.train
    deps:
    - path: data/prepared
      hash: md5
      md5: ec12b5c1b9b8446d3ae3aafc6f6d1406.dir
      size: 745033
      nfiles: 4
    - path: reports
      hash: md5
      md5: 98fcfb2c963f78434d43eea98549ac6d.dir
      size: 4601020
      nfiles: 32
    - path: src/config.py
      hash: md5
      md5: c2e7807093db78afab9071946607fe8b
      size: 1546
    - path: src/training/train.py
      hash: md5
      md5: e46585af9148fc99519c554d862e2ee6
      size: 7892
    params:
      params.yaml:
        features:
          numeric:
          - age
          - tenure_months
          - monthly_fee
          - num_support_calls
          - has_premium
          categorical:
          - contract_type
          - signup_channel
        train:
          model_type: logreg
          logreg:
            C: 1.0
            max_iter: 500
          rf:
            n_estimators: 200
            max_depth: 8
          model_name: churn-template
    outs:
    - path: metrics.json
      hash: md5
      md5: 30dc5e156d57489fe3a6bd754a3bfe99
      size: 154
    - path: models
      hash: md5
      md5: ddb164946f9d130dfffcc3644bdf52a7.dir
      size: 18633
      nfiles: 3
  validate:
    cmd: python -m src.data.validate
    deps:
    - path: data/prepared
      hash: md5
      md5: ec12b5c1b9b8446d3ae3aafc6f6d1406.dir
      size: 745033
      nfiles: 4
    - path: data/raw
      hash: md5
      md5: 69cf310e153335ce44340fc9097363de.dir
      size: 579761
      nfiles: 1
    - path: src/config.py
      hash: md5
      md5: c2e7807093db78afab9071946607fe8b
      size: 1546
    - path: src/data/expectations.py
      hash: md5
      md5: c5276ab18ed3555006f78e611754af7c
      size: 4375
    - path: src/data/validate.py
      hash: md5
      md5: b3a092fd3d7c526835e3e6474a8950bb
      size: 7280
    params:
      params.yaml:
        data:
          raw_path: data/raw/data.csv
          train_path: data/prepared/train.csv
          test_path: data/prepared/test.csv
          target: churn
          test_size: 0.2
          seed: 42
        features:
          numeric:
          - age
          - tenure_months
          - monthly_fee
          - num_support_calls
          - has_premium
          categorical:
          - contract_type
          - signup_channel
    outs:
    - path: reports
      hash: md5
      md5: 98fcfb2c963f78434d43eea98549ac6d.dir
      size: 4601020
      nfiles: 32
